
Microsoft Visual Studio Solution File, Format Version 12.00
# Visual Studio Version 16
VisualStudioVersion = 16.0.29911.84
MinimumVisualStudioVersion = 10.0.40219.1
Project("{FAE04EC0-301F-11D3-BF4B-00C04F79EFBC}") = "团队项目", "团队项目\团队项目.csproj", "{ED1AC18C-B0E2-4B62-B5F1-5C899264234D}"
EndProject
Global
	GlobalSection(SolutionConfigurationPlatforms) = preSolution
		Debug|Any CPU = Debug|Any CPU
		Release|Any CPU = Release|Any CPU
	EndGlobalSection
	GlobalSection(ProjectConfigurationPlatforms) = postSolution
		{ED1AC18C-B0E2-4B62-B5F1-5C899264234D}.Debug|Any CPU.ActiveCfg = Debug|Any CPU
		{ED1AC18C-B0E2-4B62-B5F1-5C899264234D}.Debug|Any CPU.Build.0 = Debug|Any CPU
		{ED1AC18C-B0E2-4B62-B5F1-5C899264234D}.Release|Any CPU.ActiveCfg = Release|Any CPU
		{ED1AC18C-B0E2-4B62-B5F1-5C899264234D}.Release|Any CPU.Build.0 = Release|Any CPU
	EndGlobalSection
	GlobalSection(SolutionProperties) = preSolution
		HideSolutionNode = FALSE
	EndGlobalSection
	GlobalSection(ExtensibilityGlobals) = postSolution
		SolutionGuid = {963206F5-B939-471B-AEC9-3A624A2AD8CC}
	EndGlobalSection
EndGlobal
